menu_title: '&8Play Bed Wars'
open_command:
- play luckyblock
- luckyblock
- bijju089
- cxdev
size: 36
update_interval: 1
items:
      0:
        material: basehead-eyJ0ZXh0dXJlcyI6eyJTS0lOIjp7InVybCI6Imh0dHA6Ly90ZXh0dXJlcy5taW5lY3JhZnQubmV0L3RleHR1cmUvNGI5MmNiNDMzMzNhYTYyMWM3MGVlZjRlYmYyOTliYTQxMmI0NDZmZTEyZTM0MWNjYzU4MmYzMTkyMTg5In19fQ==
        slot: 12
        display_name: '&aBed Wars (LuckyBlock)'
        lore:
        - '&7Play Bed Wars LuckyBlock'
        - '&c'
        - '&eClick to join the game!'
        left_click_commands:
        - '[player] bw join Luckyblock'
        - '[close]'
        right_click_commands:
        - '[player] bw join Luckyblock'
        - '[close]'
      1:
        material: sign
        slot: 14
        display_name: '&aMap selection (LuckyBlock)'
        lore:
        - '&7Select the map you want to play'
        - '&7from the list of available servers.'
        - '&c'
        - '&eClick to view!'
        left_click_commands:
        - '[player] bw gui LuckyBlock'
        - '[close]'
        right_click_commands:
        - '[player] bw gui LuckyBlock'
        - '[close]'
      2:
        material: ENDER_PEARL
        slot: 35
        display_name: '&cClick to reconnect!'
        lore:
        - '&7Click here to reconnect'
        - '&7the game you just exited'
        - '&7each game you have 180 seconds'
        - '&7to reconnect!'
        left_click_commands:
        - '[player] rejoin'
        - '[close]'
        right_click_commands:
        - '[player] rejoin'
        - '[close]'
      3:
        material: 35
        data: 1
        slot: 27
        display_name: '&aPractice'
        lore:
        - '&7Improve your gameplay by'
        - '&7practicing different aspects of'
        - '&7Bed Wars!'
        - ''
        - '&eClick to view modes!'
        left_click_commands:
        - '[player] bwp doubles'
        right_click_commands:
        - '[player] bwp doubles'
      CLOSE:
        material: BARRIER
        slot: 31
        display_name: '&cClose'
        lore: []
        left_click_commands:
        - '[close]'
        right_click_commands:
        - '[close]'